
Microsoft Visual Studio Solution File, Format Version 12.00
# Visual Studio 14
VisualStudioVersion = 14.0.24720.0
MinimumVisualStudioVersion = 10.0.40219.1
Project("{FAE04EC0-301F-11D3-BF4B-00C04F79EFBC}") = "FrontEnd", "FrontEnd\FrontEnd.csproj", "{27C1B04F-0A4C-41B3-9FD5-37707B66736A}"
EndProject
Project("{FAE04EC0-301F-11D3-BF4B-00C04F79EFBC}") = "BackEnd", "BackEnd\BackEnd.csproj", "{04504075-C75B-4A13-9D66-7C0ABB33368D}"
EndProject
Global
	GlobalSection(SolutionConfigurationPlatforms) = preSolution
		Debug|Any CPU = Debug|Any CPU
		Release|Any CPU = Release|Any CPU
	EndGlobalSection
	GlobalSection(ProjectConfigurationPlatforms) = postSolution
		{27C1B04F-0A4C-41B3-9FD5-37707B66736A}.Debug|Any CPU.ActiveCfg = Debug|Any CPU
		{27C1B04F-0A4C-41B3-9FD5-37707B66736A}.Debug|Any CPU.Build.0 = Debug|Any CPU
		{27C1B04F-0A4C-41B3-9FD5-37707B66736A}.Release|Any CPU.ActiveCfg = Release|Any CPU
		{27C1B04F-0A4C-41B3-9FD5-37707B66736A}.Release|Any CPU.Build.0 = Release|Any CPU
		{04504075-C75B-4A13-9D66-7C0ABB33368D}.Debug|Any CPU.ActiveCfg = Debug|Any CPU
		{04504075-C75B-4A13-9D66-7C0ABB33368D}.Debug|Any CPU.Build.0 = Debug|Any CPU
		{04504075-C75B-4A13-9D66-7C0ABB33368D}.Release|Any CPU.ActiveCfg = Release|Any CPU
		{04504075-C75B-4A13-9D66-7C0ABB33368D}.Release|Any CPU.Build.0 = Release|Any CPU
	EndGlobalSection
	GlobalSection(SolutionProperties) = preSolution
		HideSolutionNode = FALSE
	EndGlobalSection
EndGlobal
